
Microsoft Visual Studio Solution File, Format Version 12.00
# Visual Studio Version 17
VisualStudioVersion = 17.5.002.0
MinimumVisualStudioVersion = 10.0.40219.1
Project("{9A19103F-16F7-4668-BE54-9A1E7A4F7556}") = "backend", "backend\backend.csproj", "{D2E48F1B-70F2-43A6-9A0C-A10BA01A39D6}"
EndProject
Global
	GlobalSection(SolutionConfigurationPlatforms) = preSolution
		Debug|Any CPU = Debug|Any CPU
		Release|Any CPU = Release|Any CPU
	EndGlobalSection
	GlobalSection(ProjectConfigurationPlatforms) = postSolution
		{D2E48F1B-70F2-43A6-9A0C-A10BA01A39D6}.Debug|Any CPU.ActiveCfg = Debug|Any CPU
		{D2E48F1B-70F2-43A6-9A0C-A10BA01A39D6}.Debug|Any CPU.Build.0 = Debug|Any CPU
		{D2E48F1B-70F2-43A6-9A0C-A10BA01A39D6}.Release|Any CPU.ActiveCfg = Release|Any CPU
		{D2E48F1B-70F2-43A6-9A0C-A10BA01A39D6}.Release|Any CPU.Build.0 = Release|Any CPU
	EndGlobalSection
	GlobalSection(SolutionProperties) = preSolution
		HideSolutionNode = FALSE
	EndGlobalSection
	GlobalSection(ExtensibilityGlobals) = postSolution
		SolutionGuid = {E31DE7B0-EDAC-475B-BDE0-FAD29E2679C2}
	EndGlobalSection
EndGlobal
